
Microsoft Visual Studio Solution File, Format Version 12.00
# Visual Studio Version 17
VisualStudioVersion = 17.13.35825.156
MinimumVisualStudioVersion = 10.0.40219.1
Project("{2150E333-8FDC-42A3-9474-1A3956D46DE8}") = "Chapter01", "Chapter01", "{DDB4EF12-CC4E-5E88-E6FC-71A802F4DE97}"
EndProject
Project("{FAE04EC0-301F-11D3-BF4B-00C04F79EFBC}") = "ProductSample", "Chapter01\ProductSample\ProductSample.csproj", "{3DB82E47-2835-4DE2-9C2B-E59F231893D2}"
EndProject
Project("{2150E333-8FDC-42A3-9474-1A3956D46DE8}") = "Chapter02", "Chapter02", "{E51F0B10-6244-40D0-A8BF-A95822B67415}"
EndProject
Project("{FAE04EC0-301F-11D3-BF4B-00C04F79EFBC}") = "DistanceConverter", "Chapter02\DistanceConverter\DistanceConverter.csproj", "{9D336E89-F527-450F-85E8-4E4B9382DB4B}"
EndProject
Project("{2150E333-8FDC-42A3-9474-1A3956D46DE8}") = "演習問題", "演習問題", "{F8D8285E-B2CD-4415-AB73-2EE33E9EA19E}"
EndProject
Project("{FAE04EC0-301F-11D3-BF4B-00C04F79EFBC}") = "Exercize02", "Chapter02\演習問題\Exercize02\Exercize02.csproj", "{6EA4C779-7983-4E15-8EB4-A076E2D1BC56}"
EndProject
Project("{FAE04EC0-301F-11D3-BF4B-00C04F79EFBC}") = "Exercize03", "Chapter02\演習問題\Exercize03\ConsoleApp1\Exercize03.csproj", "{4008FC04-7480-4D16-B0D2-55EC8621DFC5}"
EndProject
Project("{2150E333-8FDC-42A3-9474-1A3956D46DE8}") = "距離換算プログラム", "距離換算プログラム", "{EEC2F80A-DC14-43FC-A328-9FD4969BB252}"
EndProject
Project("{2150E333-8FDC-42A3-9474-1A3956D46DE8}") = "FormApps", "FormApps", "{ECF2205A-CFA0-4B9F-8B5A-3AB97FA35855}"
EndProject
Project("{FAE04EC0-301F-11D3-BF4B-00C04F79EFBC}") = "UnitConverter", "FormApps\UnitConverter\UnitConverter.csproj", "{8FEE356D-A1C8-4E70-BA25-0774F1BC317A}"
EndProject
Project("{FAE04EC0-301F-11D3-BF4B-00C04F79EFBC}") = "StopWatch", "FormApps\StopWatch\StopWatch.csproj", "{D41E9FB6-6016-417C-A383-18154A9E9BA4}"
EndProject
Project("{2150E333-8FDC-42A3-9474-1A3956D46DE8}") = "売り上げ集計プログラム", "売り上げ集計プログラム", "{28DB4E83-93ED-446E-8CC0-CA9E6DB5E722}"
EndProject
Project("{FAE04EC0-301F-11D3-BF4B-00C04F79EFBC}") = "SalesCalculator", "Chapter02\SalesCalculator\SalesCalculator.csproj", "{811E2B5E-9687-4C86-A6F5-89A30A7673DA}"
EndProject
Project("{FAE04EC0-301F-11D3-BF4B-00C04F79EFBC}") = "Exerciza01", "Chapter02\演習問題\Exerciza01\Exerciza01.csproj", "{9C7E17AD-174D-430F-A129-C24F680B0846}"
EndProject
Project("{2150E333-8FDC-42A3-9474-1A3956D46DE8}") = "Chapter03", "Chapter03", "{132686B1-362A-4A19-88D1-8F0678C89C15}"
EndProject
Project("{FAE04EC0-301F-11D3-BF4B-00C04F79EFBC}") = "Section01", "Chapter03\Section01\Section01.csproj", "{498CC139-1A6A-486F-9D07-7A93A6D4EE2B}"
EndProject
Project("{2150E333-8FDC-42A3-9474-1A3956D46DE8}") = "演習問題", "演習問題", "{2D2F9177-47A8-44EA-A425-7E03C77A1044}"
EndProject
Project("{FAE04EC0-301F-11D3-BF4B-00C04F79EFBC}") = "Section04", "Chapter03\Section04\Section04.csproj", "{40697B53-B49F-4C38-AA40-F1B5334BCEEB}"
EndProject
Project("{FAE04EC0-301F-11D3-BF4B-00C04F79EFBC}") = "Exercize01", "Chapter03\演習問題\Exercize01\Exercize01.csproj", "{A884B288-D0B7-4D56-BDB5-74F8BEA9808E}"
EndProject
Project("{2150E333-8FDC-42A3-9474-1A3956D46DE8}") = "Chapter04", "Chapter04", "{D13FD92A-2582-4EE3-940C-BBA6C1529751}"
EndProject
Project("{FAE04EC0-301F-11D3-BF4B-00C04F79EFBC}") = "Section04", "Chapter04\Section04\Section04.csproj", "{5E468AB0-45BE-478F-A470-F667090D3E0D}"
EndProject
Project("{2150E333-8FDC-42A3-9474-1A3956D46DE8}") = "演習問題", "演習問題", "{E854FDB3-0143-419B-9588-FA719EF080AC}"
EndProject
Project("{FAE04EC0-301F-11D3-BF4B-00C04F79EFBC}") = "Exercise01", "Chapter04\演習問題\Exercise01\Exercise01.csproj", "{6AC43293-C9A6-49A2-A2F8-E388821C2BDD}"
EndProject
Project("{2150E333-8FDC-42A3-9474-1A3956D46DE8}") = "LINQ", "LINQ", "{D2428A42-19DA-4FF6-924F-178A4573A9CC}"
EndProject
Project("{FAE04EC0-301F-11D3-BF4B-00C04F79EFBC}") = "LinqSample", "LINQ\LinqSample\LinqSample.csproj", "{544747DC-22E5-4064-9DC2-F2904841DCE9}"
EndProject
Project("{2150E333-8FDC-42A3-9474-1A3956D46DE8}") = "Chapter07", "Chapter07", "{A89702F2-2325-4062-AA63-2C3980535A18}"
EndProject
Project("{2150E333-8FDC-42A3-9474-1A3956D46DE8}") = "演習問題", "演習問題", "{7DA18C69-B35A-4F30-BE99-8A2651C9DA9F}"
EndProject
Project("{FAE04EC0-301F-11D3-BF4B-00C04F79EFBC}") = "Exercise01", "Chapter07\演習問題\Exercise01\Exercise01.csproj", "{8C2D3FA3-8FEC-4066-B44C-3115C68477DB}"
EndProject
Project("{FAE04EC0-301F-11D3-BF4B-00C04F79EFBC}") = "Exercise02", "Chapter04\演習問題\Exercise02\Exercise02.csproj", "{C1D63E63-E64B-FCB7-4276-5EBCB0FEC291}"
EndProject
Project("{FAE04EC0-301F-11D3-BF4B-00C04F79EFBC}") = "Section01", "Chapter07\Section01\Section01.csproj", "{21EBC75D-EB3C-4963-A271-11CCBFFB47B2}"
EndProject
Project("{FAE04EC0-301F-11D3-BF4B-00C04F79EFBC}") = "Section05", "Chapter07\Section05\Section05.csproj", "{664B11A7-C67F-44C6-BA3B-BADEBC217225}"
EndProject
Project("{FAE04EC0-301F-11D3-BF4B-00C04F79EFBC}") = "Exercise02", "Chapter07\演習問題\Exercise02\Exercise02.csproj", "{84E657CA-FEFA-4B77-BE31-C0F01BE10672}"
EndProject
Project("{2150E333-8FDC-42A3-9474-1A3956D46DE8}") = "Chapter06", "Chapter06", "{6E08A480-F706-412E-BA71-80C7BB145181}"
EndProject
Project("{FAE04EC0-301F-11D3-BF4B-00C04F79EFBC}") = "Section01", "Chapter06\Section01\Section01.csproj", "{16BD9847-55B7-4C18-A772-CBF8C4B14DB2}"
EndProject
Project("{2150E333-8FDC-42A3-9474-1A3956D46DE8}") = "演習問題", "演習問題", "{AAF162BC-29ED-4CCB-BD01-7247AE81924C}"
EndProject
Project("{FAE04EC0-301F-11D3-BF4B-00C04F79EFBC}") = "Exercis01", "Chapter06\演習問題\Exercis01\Exercis01.csproj", "{F5288D91-4DE2-4E3E-927E-75D63879EE83}"
EndProject
Project("{FAE04EC0-301F-11D3-BF4B-00C04F79EFBC}") = "Exercis03", "Chapter06\演習問題\Exercis03\Exercis03.csproj", "{4B008C22-61E7-495C-BE0C-70B9BF3FE7FF}"
EndProject
Project("{FAE04EC0-301F-11D3-BF4B-00C04F79EFBC}") = "Exercise04", "Chapter06\演習問題\Exercis04\Exercise04\Exercise04.csproj", "{F85BEE1A-F199-4B58-B6FE-044B0F8C0DD9}"
EndProject
Project("{FAE04EC0-301F-11D3-BF4B-00C04F79EFBC}") = "Exercise02", "Chapter06\演習問題\Exercis02\Exercise02\Exercise02.csproj", "{A077FF4D-2ED0-4A9B-B55C-9CB930B27210}"
EndProject
Project("{FAE04EC0-301F-11D3-BF4B-00C04F79EFBC}") = "Section03", "Chapter06\Section03\Section03.csproj", "{91C92250-F72D-4A5B-9C70-12D58FD793A4}"
EndProject
Project("{2150E333-8FDC-42A3-9474-1A3956D46DE8}") = "Chapter05", "Chapter05", "{15A08CFE-2FD4-402A-8E3D-95D246FEBE3C}"
EndProject
Project("{2150E333-8FDC-42A3-9474-1A3956D46DE8}") = "演習問題", "演習問題", "{69FEAB9D-AD6B-4A90-9B7F-B15D4CDBC203}"
EndProject
Project("{FAE04EC0-301F-11D3-BF4B-00C04F79EFBC}") = "Section01", "Chapter05\Section01\Section01.csproj", "{2D6748E4-E56F-4ABF-8730-4F7867507C64}"
EndProject
Project("{FAE04EC0-301F-11D3-BF4B-00C04F79EFBC}") = "Section02", "Chapter05\Section02\Section02.csproj", "{8803F805-8310-4EA3-8C95-EDD5DE2C0BB0}"
EndProject
Project("{FAE04EC0-301F-11D3-BF4B-00C04F79EFBC}") = "Exercise01", "Chapter05\演習問題\Exercise01\Exercise01.csproj", "{DB6904A0-6407-4D1C-A0F9-949B8740FB95}"
EndProject
Project("{FAE04EC0-301F-11D3-BF4B-00C04F79EFBC}") = "Exercise02", "Chapter05\演習問題\Exercise02\Exercise02.csproj", "{F43F95E6-2C14-4F74-8E68-E63CFD691DB1}"
EndProject
Project("{2150E333-8FDC-42A3-9474-1A3956D46DE8}") = "Chapter08", "Chapter08", "{0941A6BB-4484-45A7-9C92-F8E6F20C2C7F}"
EndProject
Project("{2150E333-8FDC-42A3-9474-1A3956D46DE8}") = "演習問題", "演習問題", "{D6D235A2-8D00-47D6-BD00-3F5BABCEA579}"
EndProject
Project("{FAE04EC0-301F-11D3-BF4B-00C04F79EFBC}") = "Exercise01", "Chapter08\演習問題\Exercise01\Exercise01.csproj", "{77D08472-C77B-41C8-B721-8494923A66CA}"
EndProject
Project("{FAE04EC0-301F-11D3-BF4B-00C04F79EFBC}") = "PrefCapitalLocationSystem", "Chapter08\PrefCapitalLocationSystem\PrefCapitalLocationSystem.csproj", "{BA3B5C5E-D6A4-39ED-6760-036CDB62E249}"
EndProject
Project("{FAE04EC0-301F-11D3-BF4B-00C04F79EFBC}") = "Section03", "Chapter08\Section03\Section03.csproj", "{A345346E-54FF-4D52-93D9-E1E1E35245B8}"
EndProject
Project("{FAE04EC0-301F-11D3-BF4B-00C04F79EFBC}") = "Exercise02", "Chapter08\演習問題\Exercise02\Exercise02.csproj", "{BBB2B99B-5DF4-472E-8C94-A9E829F333A1}"
EndProject
Project("{2150E333-8FDC-42A3-9474-1A3956D46DE8}") = "Test01", "Test01", "{6C48E430-B42B-4254-BB1E-45B1AD291D53}"
EndProject
Project("{FAE04EC0-301F-11D3-BF4B-00C04F79EFBC}") = "Test01", "Test01\Test01\Test01.csproj", "{6EF7678A-A725-F430-3097-30F090C0100A}"
EndProject
Project("{FAE04EC0-301F-11D3-BF4B-00C04F79EFBC}") = "Test02", "Test01\Test02\Test02.csproj", "{010D0C11-D6A2-3CA6-3281-4E0FD547EC2D}"
EndProject
Project("{2150E333-8FDC-42A3-9474-1A3956D46DE8}") = "Chapter09", "Chapter09", "{C2160234-AEC5-4C56-BF24-BF4C3AD94FAD}"
EndProject
Project("{FAE04EC0-301F-11D3-BF4B-00C04F79EFBC}") = "Section01", "Chapter09\Section01\Section01.csproj", "{26C182D5-09B9-4C25-A38D-8F0B67BB955E}"
EndProject
Project("{2150E333-8FDC-42A3-9474-1A3956D46DE8}") = "演習問題", "演習問題", "{D36CE878-E89A-4B90-BE68-EEE45160FF00}"
EndProject
Project("{FAE04EC0-301F-11D3-BF4B-00C04F79EFBC}") = "Exercize01", "Chapter09\演習問題\Exercize01\Exercize01.csproj", "{0017C6B8-8ABC-4792-9118-4799F31D0079}"
EndProject
Project("{FAE04EC0-301F-11D3-BF4B-00C04F79EFBC}") = "Exercize02", "Chapter09\演習問題\Exercize02\Exercize02.csproj", "{AA5361EA-63B6-48FF-9471-FB96516C51A2}"
EndProject
Project("{FAE04EC0-301F-11D3-BF4B-00C04F79EFBC}") = "Exercize03", "Chapter09\演習問題\Exercize03\Exercize03.csproj", "{DA0AC420-A156-46B7-BC7F-DD994AF4D2ED}"
EndProject
Project("{FAE04EC0-301F-11D3-BF4B-00C04F79EFBC}") = "CarReportSystem", "FormApps\CarReportSystem\CarReportSystem.csproj", "{878D17F7-6CA4-4F1F-A0DF-C5BEA8D8C572}"
EndProject
Project("{2150E333-8FDC-42A3-9474-1A3956D46DE8}") = "Chapter12", "Chapter12", "{1B48DC2F-3329-4C57-88C8-CC524BE97C7A}"
EndProject
Project("{2150E333-8FDC-42A3-9474-1A3956D46DE8}") = "演習問題", "演習問題", "{98D167B3-E9B0-4B10-8D25-4B024C5A476C}"
EndProject
Project("{FAE04EC0-301F-11D3-BF4B-00C04F79EFBC}") = "Section01", "Chapter12\Section01\Section01.csproj", "{1E239A2F-338E-408C-90CD-4F3E3A7D15C8}"
EndProject
Project("{FAE04EC0-301F-11D3-BF4B-00C04F79EFBC}") = "Exericise01", "Chapter12\演習問題\Exericise01\Exericise01.csproj", "{EBECA0D4-8333-428D-B439-AB8452755C61}"
EndProject
Project("{FAE04EC0-301F-11D3-BF4B-00C04F79EFBC}") = "Exercise02", "Chapter12\演習問題\Exercise02\Exercise02.csproj", "{F01C3B69-9D05-4BEF-26EB-57BAD926097B}"
EndProject
Project("{FAE04EC0-301F-11D3-BF4B-00C04F79EFBC}") = "Exercise03", "Chapter12\演習問題\Exercise03\Exercise03.csproj", "{414DFFD5-4A0F-DD91-933A-D9585859A325}"
EndProject
Project("{FAE04EC0-301F-11D3-BF4B-00C04F79EFBC}") = "RssReader", "FormApps\RssReader\RssReader.csproj", "{E1381C0F-D925-45AB-9D07-B2B3B99DF631}"
EndProject
Project("{2150E333-8FDC-42A3-9474-1A3956D46DE8}") = "Chapter11", "Chapter11", "{6DD77B67-3704-4C38-BF6D-9AD62577AF98}"
EndProject
Project("{FAE04EC0-301F-11D3-BF4B-00C04F79EFBC}") = "Section02", "Chapter11\Section02\Section02.csproj", "{353F58BD-C35F-4D40-BA2A-2760FCA0514E}"
EndProject
Project("{2150E333-8FDC-42A3-9474-1A3956D46DE8}") = "演習問題", "演習問題", "{876092BF-8522-4AFF-9FBC-B98F6889B48F}"
EndProject
Project("{FAE04EC0-301F-11D3-BF4B-00C04F79EFBC}") = "Exercize01", "Chapter11\演習問題\Exercize01\Exercize01.csproj", "{D7C84201-F85D-4408-B4DF-D178BB933209}"
EndProject
Project("{FAE04EC0-301F-11D3-BF4B-00C04F79EFBC}") = "Exercize02", "Chapter11\演習問題\Exercize02\Exercize02.csproj", "{9D04E4F0-91A4-4E23-8215-4C455258EE16}"
EndProject
Project("{FAE04EC0-301F-11D3-BF4B-00C04F79EFBC}") = "Section03", "Chapter11\Section03\Section03.csproj", "{534FE763-8AC9-4DBA-8EF8-D5B7556A4913}"
EndProject
Project("{FAE04EC0-301F-11D3-BF4B-00C04F79EFBC}") = "Exercize03", "Chapter11\演習問題\Exercize03\Exercize03.csproj", "{52033A75-334D-4CB7-921E-1F19624BE174}"
EndProject
Project("{FAE04EC0-301F-11D3-BF4B-00C04F79EFBC}") = "Section04", "Chapter11\Section04\Section04.csproj", "{7A949C4E-9796-46FE-9602-C5145543AEBA}"
EndProject
Project("{FAE04EC0-301F-11D3-BF4B-00C04F79EFBC}") = "Exercize04", "Chapter11\演習問題\Exercize04\Exercize04.csproj", "{7285F43C-E331-44A2-8224-9535338D037E}"
EndProject
Project("{FAE04EC0-301F-11D3-BF4B-00C04F79EFBC}") = "Exercize05", "Chapter11\演習問題\Exercize05\Exercize05.csproj", "{2D827C70-7709-4EE6-898D-B2E89BB5DA08}"
EndProject
Project("{2150E333-8FDC-42A3-9474-1A3956D46DE8}") = "WPF", "WPF", "{3293C3C6-8A91-4A4E-8906-887B83BDC576}"
EndProject
Project("{FAE04EC0-301F-11D3-BF4B-00C04F79EFBC}") = "SampleApplication", "WPF\SampleApplication\SampleApplication.csproj", "{B0FD5D46-0969-4657-86C8-438BA1623E91}"
EndProject
Project("{FAE04EC0-301F-11D3-BF4B-00C04F79EFBC}") = "SampleSlider", "WPF\SampleSlider\SampleSlider.csproj", "{743779D6-0BA6-49F1-93F0-C6616F737205}"
EndProject
Global
	GlobalSection(SolutionConfigurationPlatforms) = preSolution
		Debug|Any CPU = Debug|Any CPU
		Release|Any CPU = Release|Any CPU
	EndGlobalSection
	GlobalSection(ProjectConfigurationPlatforms) = postSolution
		{3DB82E47-2835-4DE2-9C2B-E59F231893D2}.Debug|Any CPU.ActiveCfg = Debug|Any CPU
		{3DB82E47-2835-4DE2-9C2B-E59F231893D2}.Debug|Any CPU.Build.0 = Debug|Any CPU
		{3DB82E47-2835-4DE2-9C2B-E59F231893D2}.Release|Any CPU.ActiveCfg = Release|Any CPU
		{3DB82E47-2835-4DE2-9C2B-E59F231893D2}.Release|Any CPU.Build.0 = Release|Any CPU
		{9D336E89-F527-450F-85E8-4E4B9382DB4B}.Debug|Any CPU.ActiveCfg = Debug|Any CPU
		{9D336E89-F527-450F-85E8-4E4B9382DB4B}.Debug|Any CPU.Build.0 = Debug|Any CPU
		{9D336E89-F527-450F-85E8-4E4B9382DB4B}.Release|Any CPU.ActiveCfg = Release|Any CPU
		{9D336E89-F527-450F-85E8-4E4B9382DB4B}.Release|Any CPU.Build.0 = Release|Any CPU
		{6EA4C779-7983-4E15-8EB4-A076E2D1BC56}.Debug|Any CPU.ActiveCfg = Debug|Any CPU
		{6EA4C779-7983-4E15-8EB4-A076E2D1BC56}.Debug|Any CPU.Build.0 = Debug|Any CPU
		{6EA4C779-7983-4E15-8EB4-A076E2D1BC56}.Release|Any CPU.ActiveCfg = Release|Any CPU
		{6EA4C779-7983-4E15-8EB4-A076E2D1BC56}.Release|Any CPU.Build.0 = Release|Any CPU
		{4008FC04-7480-4D16-B0D2-55EC8621DFC5}.Debug|Any CPU.ActiveCfg = Debug|Any CPU
		{4008FC04-7480-4D16-B0D2-55EC8621DFC5}.Debug|Any CPU.Build.0 = Debug|Any CPU
		{4008FC04-7480-4D16-B0D2-55EC8621DFC5}.Release|Any CPU.ActiveCfg = Release|Any CPU
		{4008FC04-7480-4D16-B0D2-55EC8621DFC5}.Release|Any CPU.Build.0 = Release|Any CPU
		{8FEE356D-A1C8-4E70-BA25-0774F1BC317A}.Debug|Any CPU.ActiveCfg = Debug|Any CPU
		{8FEE356D-A1C8-4E70-BA25-0774F1BC317A}.Debug|Any CPU.Build.0 = Debug|Any CPU
		{8FEE356D-A1C8-4E70-BA25-0774F1BC317A}.Release|Any CPU.ActiveCfg = Release|Any CPU
		{8FEE356D-A1C8-4E70-BA25-0774F1BC317A}.Release|Any CPU.Build.0 = Release|Any CPU
		{D41E9FB6-6016-417C-A383-18154A9E9BA4}.Debug|Any CPU.ActiveCfg = Debug|Any CPU
		{D41E9FB6-6016-417C-A383-18154A9E9BA4}.Debug|Any CPU.Build.0 = Debug|Any CPU
		{D41E9FB6-6016-417C-A383-18154A9E9BA4}.Release|Any CPU.ActiveCfg = Release|Any CPU
		{D41E9FB6-6016-417C-A383-18154A9E9BA4}.Release|Any CPU.Build.0 = Release|Any CPU
		{811E2B5E-9687-4C86-A6F5-89A30A7673DA}.Debug|Any CPU.ActiveCfg = Debug|Any CPU
		{811E2B5E-9687-4C86-A6F5-89A30A7673DA}.Debug|Any CPU.Build.0 = Debug|Any CPU
		{811E2B5E-9687-4C86-A6F5-89A30A7673DA}.Release|Any CPU.ActiveCfg = Release|Any CPU
		{811E2B5E-9687-4C86-A6F5-89A30A7673DA}.Release|Any CPU.Build.0 = Release|Any CPU
		{9C7E17AD-174D-430F-A129-C24F680B0846}.Debug|Any CPU.ActiveCfg = Debug|Any CPU
		{9C7E17AD-174D-430F-A129-C24F680B0846}.Debug|Any CPU.Build.0 = Debug|Any CPU
		{9C7E17AD-174D-430F-A129-C24F680B0846}.Release|Any CPU.ActiveCfg = Release|Any CPU
		{9C7E17AD-174D-430F-A129-C24F680B0846}.Release|Any CPU.Build.0 = Release|Any CPU
		{498CC139-1A6A-486F-9D07-7A93A6D4EE2B}.Debug|Any CPU.ActiveCfg = Debug|Any CPU
		{498CC139-1A6A-486F-9D07-7A93A6D4EE2B}.Debug|Any CPU.Build.0 = Debug|Any CPU
		{498CC139-1A6A-486F-9D07-7A93A6D4EE2B}.Release|Any CPU.ActiveCfg = Release|Any CPU
		{498CC139-1A6A-486F-9D07-7A93A6D4EE2B}.Release|Any CPU.Build.0 = Release|Any CPU
		{40697B53-B49F-4C38-AA40-F1B5334BCEEB}.Debug|Any CPU.ActiveCfg = Debug|Any CPU
		{40697B53-B49F-4C38-AA40-F1B5334BCEEB}.Debug|Any CPU.Build.0 = Debug|Any CPU
		{40697B53-B49F-4C38-AA40-F1B5334BCEEB}.Release|Any CPU.ActiveCfg = Release|Any CPU
		{40697B53-B49F-4C38-AA40-F1B5334BCEEB}.Release|Any CPU.Build.0 = Release|Any CPU
		{A884B288-D0B7-4D56-BDB5-74F8BEA9808E}.Debug|Any CPU.ActiveCfg = Debug|Any CPU
		{A884B288-D0B7-4D56-BDB5-74F8BEA9808E}.Debug|Any CPU.Build.0 = Debug|Any CPU
		{A884B288-D0B7-4D56-BDB5-74F8BEA9808E}.Release|Any CPU.ActiveCfg = Release|Any CPU
		{A884B288-D0B7-4D56-BDB5-74F8BEA9808E}.Release|Any CPU.Build.0 = Release|Any CPU
		{5E468AB0-45BE-478F-A470-F667090D3E0D}.Debug|Any CPU.ActiveCfg = Debug|Any CPU
		{5E468AB0-45BE-478F-A470-F667090D3E0D}.Debug|Any CPU.Build.0 = Debug|Any CPU
		{5E468AB0-45BE-478F-A470-F667090D3E0D}.Release|Any CPU.ActiveCfg = Release|Any CPU
		{5E468AB0-45BE-478F-A470-F667090D3E0D}.Release|Any CPU.Build.0 = Release|Any CPU
		{6AC43293-C9A6-49A2-A2F8-E388821C2BDD}.Debug|Any CPU.ActiveCfg = Debug|Any CPU
		{6AC43293-C9A6-49A2-A2F8-E388821C2BDD}.Debug|Any CPU.Build.0 = Debug|Any CPU
		{6AC43293-C9A6-49A2-A2F8-E388821C2BDD}.Release|Any CPU.ActiveCfg = Release|Any CPU
		{6AC43293-C9A6-49A2-A2F8-E388821C2BDD}.Release|Any CPU.Build.0 = Release|Any CPU
		{544747DC-22E5-4064-9DC2-F2904841DCE9}.Debug|Any CPU.ActiveCfg = Debug|Any CPU
		{544747DC-22E5-4064-9DC2-F2904841DCE9}.Debug|Any CPU.Build.0 = Debug|Any CPU
		{544747DC-22E5-4064-9DC2-F2904841DCE9}.Release|Any CPU.ActiveCfg = Release|Any CPU
		{544747DC-22E5-4064-9DC2-F2904841DCE9}.Release|Any CPU.Build.0 = Release|Any CPU
		{8C2D3FA3-8FEC-4066-B44C-3115C68477DB}.Debug|Any CPU.ActiveCfg = Debug|Any CPU
		{8C2D3FA3-8FEC-4066-B44C-3115C68477DB}.Debug|Any CPU.Build.0 = Debug|Any CPU
		{8C2D3FA3-8FEC-4066-B44C-3115C68477DB}.Release|Any CPU.ActiveCfg = Release|Any CPU
		{8C2D3FA3-8FEC-4066-B44C-3115C68477DB}.Release|Any CPU.Build.0 = Release|Any CPU
		{C1D63E63-E64B-FCB7-4276-5EBCB0FEC291}.Debug|Any CPU.ActiveCfg = Debug|Any CPU
		{C1D63E63-E64B-FCB7-4276-5EBCB0FEC291}.Debug|Any CPU.Build.0 = Debug|Any CPU
		{C1D63E63-E64B-FCB7-4276-5EBCB0FEC291}.Release|Any CPU.ActiveCfg = Release|Any CPU
		{C1D63E63-E64B-FCB7-4276-5EBCB0FEC291}.Release|Any CPU.Build.0 = Release|Any CPU
		{21EBC75D-EB3C-4963-A271-11CCBFFB47B2}.Debug|Any CPU.ActiveCfg = Debug|Any CPU
		{21EBC75D-EB3C-4963-A271-11CCBFFB47B2}.Debug|Any CPU.Build.0 = Debug|Any CPU
		{21EBC75D-EB3C-4963-A271-11CCBFFB47B2}.Release|Any CPU.ActiveCfg = Release|Any CPU
		{21EBC75D-EB3C-4963-A271-11CCBFFB47B2}.Release|Any CPU.Build.0 = Release|Any CPU
		{664B11A7-C67F-44C6-BA3B-BADEBC217225}.Debug|Any CPU.ActiveCfg = Debug|Any CPU
		{664B11A7-C67F-44C6-BA3B-BADEBC217225}.Debug|Any CPU.Build.0 = Debug|Any CPU
		{664B11A7-C67F-44C6-BA3B-BADEBC217225}.Release|Any CPU.ActiveCfg = Release|Any CPU
		{664B11A7-C67F-44C6-BA3B-BADEBC217225}.Release|Any CPU.Build.0 = Release|Any CPU
		{84E657CA-FEFA-4B77-BE31-C0F01BE10672}.Debug|Any CPU.ActiveCfg = Debug|Any CPU
		{84E657CA-FEFA-4B77-BE31-C0F01BE10672}.Debug|Any CPU.Build.0 = Debug|Any CPU
		{84E657CA-FEFA-4B77-BE31-C0F01BE10672}.Release|Any CPU.ActiveCfg = Release|Any CPU
		{84E657CA-FEFA-4B77-BE31-C0F01BE10672}.Release|Any CPU.Build.0 = Release|Any CPU
		{16BD9847-55B7-4C18-A772-CBF8C4B14DB2}.Debug|Any CPU.ActiveCfg = Debug|Any CPU
		{16BD9847-55B7-4C18-A772-CBF8C4B14DB2}.Debug|Any CPU.Build.0 = Debug|Any CPU
		{16BD9847-55B7-4C18-A772-CBF8C4B14DB2}.Release|Any CPU.ActiveCfg = Release|Any CPU
		{16BD9847-55B7-4C18-A772-CBF8C4B14DB2}.Release|Any CPU.Build.0 = Release|Any CPU
		{F5288D91-4DE2-4E3E-927E-75D63879EE83}.Debug|Any CPU.ActiveCfg = Debug|Any CPU
		{F5288D91-4DE2-4E3E-927E-75D63879EE83}.Debug|Any CPU.Build.0 = Debug|Any CPU
		{F5288D91-4DE2-4E3E-927E-75D63879EE83}.Release|Any CPU.ActiveCfg = Release|Any CPU
		{F5288D91-4DE2-4E3E-927E-75D63879EE83}.Release|Any CPU.Build.0 = Release|Any CPU
		{4B008C22-61E7-495C-BE0C-70B9BF3FE7FF}.Debug|Any CPU.ActiveCfg = Debug|Any CPU
		{4B008C22-61E7-495C-BE0C-70B9BF3FE7FF}.Debug|Any CPU.Build.0 = Debug|Any CPU
		{4B008C22-61E7-495C-BE0C-70B9BF3FE7FF}.Release|Any CPU.ActiveCfg = Release|Any CPU
		{4B008C22-61E7-495C-BE0C-70B9BF3FE7FF}.Release|Any CPU.Build.0 = Release|Any CPU
		{F85BEE1A-F199-4B58-B6FE-044B0F8C0DD9}.Debug|Any CPU.ActiveCfg = Debug|Any CPU
		{F85BEE1A-F199-4B58-B6FE-044B0F8C0DD9}.Debug|Any CPU.Build.0 = Debug|Any CPU
		{F85BEE1A-F199-4B58-B6FE-044B0F8C0DD9}.Release|Any CPU.ActiveCfg = Release|Any CPU
		{F85BEE1A-F199-4B58-B6FE-044B0F8C0DD9}.Release|Any CPU.Build.0 = Release|Any CPU
		{A077FF4D-2ED0-4A9B-B55C-9CB930B27210}.Debug|Any CPU.ActiveCfg = Debug|Any CPU
		{A077FF4D-2ED0-4A9B-B55C-9CB930B27210}.Debug|Any CPU.Build.0 = Debug|Any CPU
		{A077FF4D-2ED0-4A9B-B55C-9CB930B27210}.Release|Any CPU.ActiveCfg = Release|Any CPU
		{A077FF4D-2ED0-4A9B-B55C-9CB930B27210}.Release|Any CPU.Build.0 = Release|Any CPU
		{91C92250-F72D-4A5B-9C70-12D58FD793A4}.Debug|Any CPU.ActiveCfg = Debug|Any CPU
		{91C92250-F72D-4A5B-9C70-12D58FD793A4}.Debug|Any CPU.Build.0 = Debug|Any CPU
		{91C92250-F72D-4A5B-9C70-12D58FD793A4}.Release|Any CPU.ActiveCfg = Release|Any CPU
		{91C92250-F72D-4A5B-9C70-12D58FD793A4}.Release|Any CPU.Build.0 = Release|Any CPU
		{2D6748E4-E56F-4ABF-8730-4F7867507C64}.Debug|Any CPU.ActiveCfg = Debug|Any CPU
		{2D6748E4-E56F-4ABF-8730-4F7867507C64}.Debug|Any CPU.Build.0 = Debug|Any CPU
		{2D6748E4-E56F-4ABF-8730-4F7867507C64}.Release|Any CPU.ActiveCfg = Release|Any CPU
		{2D6748E4-E56F-4ABF-8730-4F7867507C64}.Release|Any CPU.Build.0 = Release|Any CPU
		{8803F805-8310-4EA3-8C95-EDD5DE2C0BB0}.Debug|Any CPU.ActiveCfg = Debug|Any CPU
		{8803F805-8310-4EA3-8C95-EDD5DE2C0BB0}.Debug|Any CPU.Build.0 = Debug|Any CPU
		{8803F805-8310-4EA3-8C95-EDD5DE2C0BB0}.Release|Any CPU.ActiveCfg = Release|Any CPU
		{8803F805-8310-4EA3-8C95-EDD5DE2C0BB0}.Release|Any CPU.Build.0 = Release|Any CPU
		{DB6904A0-6407-4D1C-A0F9-949B8740FB95}.Debug|Any CPU.ActiveCfg = Debug|Any CPU
		{DB6904A0-6407-4D1C-A0F9-949B8740FB95}.Debug|Any CPU.Build.0 = Debug|Any CPU
		{DB6904A0-6407-4D1C-A0F9-949B8740FB95}.Release|Any CPU.ActiveCfg = Release|Any CPU
		{DB6904A0-6407-4D1C-A0F9-949B8740FB95}.Release|Any CPU.Build.0 = Release|Any CPU
		{F43F95E6-2C14-4F74-8E68-E63CFD691DB1}.Debug|Any CPU.ActiveCfg = Debug|Any CPU
		{F43F95E6-2C14-4F74-8E68-E63CFD691DB1}.Debug|Any CPU.Build.0 = Debug|Any CPU
		{F43F95E6-2C14-4F74-8E68-E63CFD691DB1}.Release|Any CPU.ActiveCfg = Release|Any CPU
		{F43F95E6-2C14-4F74-8E68-E63CFD691DB1}.Release|Any CPU.Build.0 = Release|Any CPU
		{77D08472-C77B-41C8-B721-8494923A66CA}.Debug|Any CPU.ActiveCfg = Debug|Any CPU
		{77D08472-C77B-41C8-B721-8494923A66CA}.Debug|Any CPU.Build.0 = Debug|Any CPU
		{77D08472-C77B-41C8-B721-8494923A66CA}.Release|Any CPU.ActiveCfg = Release|Any CPU
		{77D08472-C77B-41C8-B721-8494923A66CA}.Release|Any CPU.Build.0 = Release|Any CPU
		{BA3B5C5E-D6A4-39ED-6760-036CDB62E249}.Debug|Any CPU.ActiveCfg = Debug|Any CPU
		{BA3B5C5E-D6A4-39ED-6760-036CDB62E249}.Debug|Any CPU.Build.0 = Debug|Any CPU
		{BA3B5C5E-D6A4-39ED-6760-036CDB62E249}.Release|Any CPU.ActiveCfg = Release|Any CPU
		{BA3B5C5E-D6A4-39ED-6760-036CDB62E249}.Release|Any CPU.Build.0 = Release|Any CPU
		{A345346E-54FF-4D52-93D9-E1E1E35245B8}.Debug|Any CPU.ActiveCfg = Debug|Any CPU
		{A345346E-54FF-4D52-93D9-E1E1E35245B8}.Debug|Any CPU.Build.0 = Debug|Any CPU
		{A345346E-54FF-4D52-93D9-E1E1E35245B8}.Release|Any CPU.ActiveCfg = Release|Any CPU
		{A345346E-54FF-4D52-93D9-E1E1E35245B8}.Release|Any CPU.Build.0 = Release|Any CPU
		{BBB2B99B-5DF4-472E-8C94-A9E829F333A1}.Debug|Any CPU.ActiveCfg = Debug|Any CPU
		{BBB2B99B-5DF4-472E-8C94-A9E829F333A1}.Debug|Any CPU.Build.0 = Debug|Any CPU
		{BBB2B99B-5DF4-472E-8C94-A9E829F333A1}.Release|Any CPU.ActiveCfg = Release|Any CPU
		{BBB2B99B-5DF4-472E-8C94-A9E829F333A1}.Release|Any CPU.Build.0 = Release|Any CPU
		{6EF7678A-A725-F430-3097-30F090C0100A}.Debug|Any CPU.ActiveCfg = Debug|Any CPU
		{6EF7678A-A725-F430-3097-30F090C0100A}.Debug|Any CPU.Build.0 = Debug|Any CPU
		{6EF7678A-A725-F430-3097-30F090C0100A}.Release|Any CPU.ActiveCfg = Release|Any CPU
		{6EF7678A-A725-F430-3097-30F090C0100A}.Release|Any CPU.Build.0 = Release|Any CPU
		{010D0C11-D6A2-3CA6-3281-4E0FD547EC2D}.Debug|Any CPU.ActiveCfg = Debug|Any CPU
		{010D0C11-D6A2-3CA6-3281-4E0FD547EC2D}.Debug|Any CPU.Build.0 = Debug|Any CPU
		{010D0C11-D6A2-3CA6-3281-4E0FD547EC2D}.Release|Any CPU.ActiveCfg = Release|Any CPU
		{010D0C11-D6A2-3CA6-3281-4E0FD547EC2D}.Release|Any CPU.Build.0 = Release|Any CPU
		{26C182D5-09B9-4C25-A38D-8F0B67BB955E}.Debug|Any CPU.ActiveCfg = Debug|Any CPU
		{26C182D5-09B9-4C25-A38D-8F0B67BB955E}.Debug|Any CPU.Build.0 = Debug|Any CPU
		{26C182D5-09B9-4C25-A38D-8F0B67BB955E}.Release|Any CPU.ActiveCfg = Release|Any CPU
		{26C182D5-09B9-4C25-A38D-8F0B67BB955E}.Release|Any CPU.Build.0 = Release|Any CPU
		{0017C6B8-8ABC-4792-9118-4799F31D0079}.Debug|Any CPU.ActiveCfg = Debug|Any CPU
		{0017C6B8-8ABC-4792-9118-4799F31D0079}.Debug|Any CPU.Build.0 = Debug|Any CPU
		{0017C6B8-8ABC-4792-9118-4799F31D0079}.Release|Any CPU.ActiveCfg = Release|Any CPU
		{0017C6B8-8ABC-4792-9118-4799F31D0079}.Release|Any CPU.Build.0 = Release|Any CPU
		{AA5361EA-63B6-48FF-9471-FB96516C51A2}.Debug|Any CPU.ActiveCfg = Debug|Any CPU
		{AA5361EA-63B6-48FF-9471-FB96516C51A2}.Debug|Any CPU.Build.0 = Debug|Any CPU
		{AA5361EA-63B6-48FF-9471-FB96516C51A2}.Release|Any CPU.ActiveCfg = Release|Any CPU
		{AA5361EA-63B6-48FF-9471-FB96516C51A2}.Release|Any CPU.Build.0 = Release|Any CPU
		{DA0AC420-A156-46B7-BC7F-DD994AF4D2ED}.Debug|Any CPU.ActiveCfg = Debug|Any CPU
		{DA0AC420-A156-46B7-BC7F-DD994AF4D2ED}.Debug|Any CPU.Build.0 = Debug|Any CPU
		{DA0AC420-A156-46B7-BC7F-DD994AF4D2ED}.Release|Any CPU.ActiveCfg = Release|Any CPU
		{DA0AC420-A156-46B7-BC7F-DD994AF4D2ED}.Release|Any CPU.Build.0 = Release|Any CPU
		{878D17F7-6CA4-4F1F-A0DF-C5BEA8D8C572}.Debug|Any CPU.ActiveCfg = Debug|Any CPU
		{878D17F7-6CA4-4F1F-A0DF-C5BEA8D8C572}.Debug|Any CPU.Build.0 = Debug|Any CPU
		{878D17F7-6CA4-4F1F-A0DF-C5BEA8D8C572}.Release|Any CPU.ActiveCfg = Release|Any CPU
		{878D17F7-6CA4-4F1F-A0DF-C5BEA8D8C572}.Release|Any CPU.Build.0 = Release|Any CPU
		{1E239A2F-338E-408C-90CD-4F3E3A7D15C8}.Debug|Any CPU.ActiveCfg = Debug|Any CPU
		{1E239A2F-338E-408C-90CD-4F3E3A7D15C8}.Debug|Any CPU.Build.0 = Debug|Any CPU
		{1E239A2F-338E-408C-90CD-4F3E3A7D15C8}.Release|Any CPU.ActiveCfg = Release|Any CPU
		{1E239A2F-338E-408C-90CD-4F3E3A7D15C8}.Release|Any CPU.Build.0 = Release|Any CPU
		{EBECA0D4-8333-428D-B439-AB8452755C61}.Debug|Any CPU.ActiveCfg = Debug|Any CPU
		{EBECA0D4-8333-428D-B439-AB8452755C61}.Debug|Any CPU.Build.0 = Debug|Any CPU
		{EBECA0D4-8333-428D-B439-AB8452755C61}.Release|Any CPU.ActiveCfg = Release|Any CPU
		{EBECA0D4-8333-428D-B439-AB8452755C61}.Release|Any CPU.Build.0 = Release|Any CPU
		{F01C3B69-9D05-4BEF-26EB-57BAD926097B}.Debug|Any CPU.ActiveCfg = Debug|Any CPU
		{F01C3B69-9D05-4BEF-26EB-57BAD926097B}.Debug|Any CPU.Build.0 = Debug|Any CPU
		{F01C3B69-9D05-4BEF-26EB-57BAD926097B}.Release|Any CPU.ActiveCfg = Release|Any CPU
		{F01C3B69-9D05-4BEF-26EB-57BAD926097B}.Release|Any CPU.Build.0 = Release|Any CPU
		{414DFFD5-4A0F-DD91-933A-D9585859A325}.Debug|Any CPU.ActiveCfg = Debug|Any CPU
		{414DFFD5-4A0F-DD91-933A-D9585859A325}.Debug|Any CPU.Build.0 = Debug|Any CPU
		{414DFFD5-4A0F-DD91-933A-D9585859A325}.Release|Any CPU.ActiveCfg = Release|Any CPU
		{414DFFD5-4A0F-DD91-933A-D9585859A325}.Release|Any CPU.Build.0 = Release|Any CPU
		{E1381C0F-D925-45AB-9D07-B2B3B99DF631}.Debug|Any CPU.ActiveCfg = Debug|Any CPU
		{E1381C0F-D925-45AB-9D07-B2B3B99DF631}.Debug|Any CPU.Build.0 = Debug|Any CPU
		{E1381C0F-D925-45AB-9D07-B2B3B99DF631}.Release|Any CPU.ActiveCfg = Release|Any CPU
		{E1381C0F-D925-45AB-9D07-B2B3B99DF631}.Release|Any CPU.Build.0 = Release|Any CPU
		{353F58BD-C35F-4D40-BA2A-2760FCA0514E}.Debug|Any CPU.ActiveCfg = Debug|Any CPU
		{353F58BD-C35F-4D40-BA2A-2760FCA0514E}.Debug|Any CPU.Build.0 = Debug|Any CPU
		{353F58BD-C35F-4D40-BA2A-2760FCA0514E}.Release|Any CPU.ActiveCfg = Release|Any CPU
		{353F58BD-C35F-4D40-BA2A-2760FCA0514E}.Release|Any CPU.Build.0 = Release|Any CPU
		{D7C84201-F85D-4408-B4DF-D178BB933209}.Debug|Any CPU.ActiveCfg = Debug|Any CPU
		{D7C84201-F85D-4408-B4DF-D178BB933209}.Debug|Any CPU.Build.0 = Debug|Any CPU
		{D7C84201-F85D-4408-B4DF-D178BB933209}.Release|Any CPU.ActiveCfg = Release|Any CPU
		{D7C84201-F85D-4408-B4DF-D178BB933209}.Release|Any CPU.Build.0 = Release|Any CPU
		{9D04E4F0-91A4-4E23-8215-4C455258EE16}.Debug|Any CPU.ActiveCfg = Debug|Any CPU
		{9D04E4F0-91A4-4E23-8215-4C455258EE16}.Debug|Any CPU.Build.0 = Debug|Any CPU
		{9D04E4F0-91A4-4E23-8215-4C455258EE16}.Release|Any CPU.ActiveCfg = Release|Any CPU
		{9D04E4F0-91A4-4E23-8215-4C455258EE16}.Release|Any CPU.Build.0 = Release|Any CPU
		{534FE763-8AC9-4DBA-8EF8-D5B7556A4913}.Debug|Any CPU.ActiveCfg = Debug|Any CPU
		{534FE763-8AC9-4DBA-8EF8-D5B7556A4913}.Debug|Any CPU.Build.0 = Debug|Any CPU
		{534FE763-8AC9-4DBA-8EF8-D5B7556A4913}.Release|Any CPU.ActiveCfg = Release|Any CPU
		{534FE763-8AC9-4DBA-8EF8-D5B7556A4913}.Release|Any CPU.Build.0 = Release|Any CPU
		{52033A75-334D-4CB7-921E-1F19624BE174}.Debug|Any CPU.ActiveCfg = Debug|Any CPU
		{52033A75-334D-4CB7-921E-1F19624BE174}.Debug|Any CPU.Build.0 = Debug|Any CPU
		{52033A75-334D-4CB7-921E-1F19624BE174}.Release|Any CPU.ActiveCfg = Release|Any CPU
		{52033A75-334D-4CB7-921E-1F19624BE174}.Release|Any CPU.Build.0 = Release|Any CPU
		{7A949C4E-9796-46FE-9602-C5145543AEBA}.Debug|Any CPU.ActiveCfg = Debug|Any CPU
		{7A949C4E-9796-46FE-9602-C5145543AEBA}.Debug|Any CPU.Build.0 = Debug|Any CPU
		{7A949C4E-9796-46FE-9602-C5145543AEBA}.Release|Any CPU.ActiveCfg = Release|Any CPU
		{7A949C4E-9796-46FE-9602-C5145543AEBA}.Release|Any CPU.Build.0 = Release|Any CPU
		{7285F43C-E331-44A2-8224-9535338D037E}.Debug|Any CPU.ActiveCfg = Debug|Any CPU
		{7285F43C-E331-44A2-8224-9535338D037E}.Debug|Any CPU.Build.0 = Debug|Any CPU
		{7285F43C-E331-44A2-8224-9535338D037E}.Release|Any CPU.ActiveCfg = Release|Any CPU
		{7285F43C-E331-44A2-8224-9535338D037E}.Release|Any CPU.Build.0 = Release|Any CPU
		{2D827C70-7709-4EE6-898D-B2E89BB5DA08}.Debug|Any CPU.ActiveCfg = Debug|Any CPU
		{2D827C70-7709-4EE6-898D-B2E89BB5DA08}.Debug|Any CPU.Build.0 = Debug|Any CPU
		{2D827C70-7709-4EE6-898D-B2E89BB5DA08}.Release|Any CPU.ActiveCfg = Release|Any CPU
		{2D827C70-7709-4EE6-898D-B2E89BB5DA08}.Release|Any CPU.Build.0 = Release|Any CPU
		{B0FD5D46-0969-4657-86C8-438BA1623E91}.Debug|Any CPU.ActiveCfg = Debug|Any CPU
		{B0FD5D46-0969-4657-86C8-438BA1623E91}.Debug|Any CPU.Build.0 = Debug|Any CPU
		{B0FD5D46-0969-4657-86C8-438BA1623E91}.Release|Any CPU.ActiveCfg = Release|Any CPU
		{B0FD5D46-0969-4657-86C8-438BA1623E91}.Release|Any CPU.Build.0 = Release|Any CPU
		{743779D6-0BA6-49F1-93F0-C6616F737205}.Debug|Any CPU.ActiveCfg = Debug|Any CPU
		{743779D6-0BA6-49F1-93F0-C6616F737205}.Debug|Any CPU.Build.0 = Debug|Any CPU
		{743779D6-0BA6-49F1-93F0-C6616F737205}.Release|Any CPU.ActiveCfg = Release|Any CPU
		{743779D6-0BA6-49F1-93F0-C6616F737205}.Release|Any CPU.Build.0 = Release|Any CPU
	EndGlobalSection
	GlobalSection(SolutionProperties) = preSolution
		HideSolutionNode = FALSE
	EndGlobalSection
	GlobalSection(NestedProjects) = preSolution
		{3DB82E47-2835-4DE2-9C2B-E59F231893D2} = {DDB4EF12-CC4E-5E88-E6FC-71A802F4DE97}
		{9D336E89-F527-450F-85E8-4E4B9382DB4B} = {EEC2F80A-DC14-43FC-A328-9FD4969BB252}
		{F8D8285E-B2CD-4415-AB73-2EE33E9EA19E} = {E51F0B10-6244-40D0-A8BF-A95822B67415}
		{6EA4C779-7983-4E15-8EB4-A076E2D1BC56} = {F8D8285E-B2CD-4415-AB73-2EE33E9EA19E}
		{4008FC04-7480-4D16-B0D2-55EC8621DFC5} = {F8D8285E-B2CD-4415-AB73-2EE33E9EA19E}
		{EEC2F80A-DC14-43FC-A328-9FD4969BB252} = {E51F0B10-6244-40D0-A8BF-A95822B67415}
		{8FEE356D-A1C8-4E70-BA25-0774F1BC317A} = {ECF2205A-CFA0-4B9F-8B5A-3AB97FA35855}
		{D41E9FB6-6016-417C-A383-18154A9E9BA4} = {ECF2205A-CFA0-4B9F-8B5A-3AB97FA35855}
		{28DB4E83-93ED-446E-8CC0-CA9E6DB5E722} = {E51F0B10-6244-40D0-A8BF-A95822B67415}
		{811E2B5E-9687-4C86-A6F5-89A30A7673DA} = {28DB4E83-93ED-446E-8CC0-CA9E6DB5E722}
		{9C7E17AD-174D-430F-A129-C24F680B0846} = {F8D8285E-B2CD-4415-AB73-2EE33E9EA19E}
		{498CC139-1A6A-486F-9D07-7A93A6D4EE2B} = {132686B1-362A-4A19-88D1-8F0678C89C15}
		{2D2F9177-47A8-44EA-A425-7E03C77A1044} = {132686B1-362A-4A19-88D1-8F0678C89C15}
		{40697B53-B49F-4C38-AA40-F1B5334BCEEB} = {132686B1-362A-4A19-88D1-8F0678C89C15}
		{A884B288-D0B7-4D56-BDB5-74F8BEA9808E} = {2D2F9177-47A8-44EA-A425-7E03C77A1044}
		{5E468AB0-45BE-478F-A470-F667090D3E0D} = {D13FD92A-2582-4EE3-940C-BBA6C1529751}
		{E854FDB3-0143-419B-9588-FA719EF080AC} = {D13FD92A-2582-4EE3-940C-BBA6C1529751}
		{6AC43293-C9A6-49A2-A2F8-E388821C2BDD} = {E854FDB3-0143-419B-9588-FA719EF080AC}
		{544747DC-22E5-4064-9DC2-F2904841DCE9} = {D2428A42-19DA-4FF6-924F-178A4573A9CC}
		{7DA18C69-B35A-4F30-BE99-8A2651C9DA9F} = {A89702F2-2325-4062-AA63-2C3980535A18}
		{8C2D3FA3-8FEC-4066-B44C-3115C68477DB} = {7DA18C69-B35A-4F30-BE99-8A2651C9DA9F}
		{C1D63E63-E64B-FCB7-4276-5EBCB0FEC291} = {E854FDB3-0143-419B-9588-FA719EF080AC}
		{21EBC75D-EB3C-4963-A271-11CCBFFB47B2} = {A89702F2-2325-4062-AA63-2C3980535A18}
		{664B11A7-C67F-44C6-BA3B-BADEBC217225} = {A89702F2-2325-4062-AA63-2C3980535A18}
		{84E657CA-FEFA-4B77-BE31-C0F01BE10672} = {7DA18C69-B35A-4F30-BE99-8A2651C9DA9F}
		{16BD9847-55B7-4C18-A772-CBF8C4B14DB2} = {6E08A480-F706-412E-BA71-80C7BB145181}
		{AAF162BC-29ED-4CCB-BD01-7247AE81924C} = {6E08A480-F706-412E-BA71-80C7BB145181}
		{F5288D91-4DE2-4E3E-927E-75D63879EE83} = {AAF162BC-29ED-4CCB-BD01-7247AE81924C}
		{4B008C22-61E7-495C-BE0C-70B9BF3FE7FF} = {AAF162BC-29ED-4CCB-BD01-7247AE81924C}
		{F85BEE1A-F199-4B58-B6FE-044B0F8C0DD9} = {AAF162BC-29ED-4CCB-BD01-7247AE81924C}
		{A077FF4D-2ED0-4A9B-B55C-9CB930B27210} = {AAF162BC-29ED-4CCB-BD01-7247AE81924C}
		{91C92250-F72D-4A5B-9C70-12D58FD793A4} = {6E08A480-F706-412E-BA71-80C7BB145181}
		{69FEAB9D-AD6B-4A90-9B7F-B15D4CDBC203} = {15A08CFE-2FD4-402A-8E3D-95D246FEBE3C}
		{2D6748E4-E56F-4ABF-8730-4F7867507C64} = {15A08CFE-2FD4-402A-8E3D-95D246FEBE3C}
		{8803F805-8310-4EA3-8C95-EDD5DE2C0BB0} = {15A08CFE-2FD4-402A-8E3D-95D246FEBE3C}
		{DB6904A0-6407-4D1C-A0F9-949B8740FB95} = {69FEAB9D-AD6B-4A90-9B7F-B15D4CDBC203}
		{F43F95E6-2C14-4F74-8E68-E63CFD691DB1} = {69FEAB9D-AD6B-4A90-9B7F-B15D4CDBC203}
		{D6D235A2-8D00-47D6-BD00-3F5BABCEA579} = {0941A6BB-4484-45A7-9C92-F8E6F20C2C7F}
		{77D08472-C77B-41C8-B721-8494923A66CA} = {D6D235A2-8D00-47D6-BD00-3F5BABCEA579}
		{BA3B5C5E-D6A4-39ED-6760-036CDB62E249} = {0941A6BB-4484-45A7-9C92-F8E6F20C2C7F}
		{A345346E-54FF-4D52-93D9-E1E1E35245B8} = {0941A6BB-4484-45A7-9C92-F8E6F20C2C7F}
		{BBB2B99B-5DF4-472E-8C94-A9E829F333A1} = {D6D235A2-8D00-47D6-BD00-3F5BABCEA579}
		{6EF7678A-A725-F430-3097-30F090C0100A} = {6C48E430-B42B-4254-BB1E-45B1AD291D53}
		{010D0C11-D6A2-3CA6-3281-4E0FD547EC2D} = {6C48E430-B42B-4254-BB1E-45B1AD291D53}
		{26C182D5-09B9-4C25-A38D-8F0B67BB955E} = {C2160234-AEC5-4C56-BF24-BF4C3AD94FAD}
		{D36CE878-E89A-4B90-BE68-EEE45160FF00} = {C2160234-AEC5-4C56-BF24-BF4C3AD94FAD}
		{0017C6B8-8ABC-4792-9118-4799F31D0079} = {D36CE878-E89A-4B90-BE68-EEE45160FF00}
		{AA5361EA-63B6-48FF-9471-FB96516C51A2} = {D36CE878-E89A-4B90-BE68-EEE45160FF00}
		{DA0AC420-A156-46B7-BC7F-DD994AF4D2ED} = {D36CE878-E89A-4B90-BE68-EEE45160FF00}
		{878D17F7-6CA4-4F1F-A0DF-C5BEA8D8C572} = {ECF2205A-CFA0-4B9F-8B5A-3AB97FA35855}
		{98D167B3-E9B0-4B10-8D25-4B024C5A476C} = {1B48DC2F-3329-4C57-88C8-CC524BE97C7A}
		{1E239A2F-338E-408C-90CD-4F3E3A7D15C8} = {1B48DC2F-3329-4C57-88C8-CC524BE97C7A}
		{EBECA0D4-8333-428D-B439-AB8452755C61} = {98D167B3-E9B0-4B10-8D25-4B024C5A476C}
		{F01C3B69-9D05-4BEF-26EB-57BAD926097B} = {98D167B3-E9B0-4B10-8D25-4B024C5A476C}
		{414DFFD5-4A0F-DD91-933A-D9585859A325} = {98D167B3-E9B0-4B10-8D25-4B024C5A476C}
		{E1381C0F-D925-45AB-9D07-B2B3B99DF631} = {ECF2205A-CFA0-4B9F-8B5A-3AB97FA35855}
		{353F58BD-C35F-4D40-BA2A-2760FCA0514E} = {6DD77B67-3704-4C38-BF6D-9AD62577AF98}
		{876092BF-8522-4AFF-9FBC-B98F6889B48F} = {6DD77B67-3704-4C38-BF6D-9AD62577AF98}
		{D7C84201-F85D-4408-B4DF-D178BB933209} = {876092BF-8522-4AFF-9FBC-B98F6889B48F}
		{9D04E4F0-91A4-4E23-8215-4C455258EE16} = {876092BF-8522-4AFF-9FBC-B98F6889B48F}
		{534FE763-8AC9-4DBA-8EF8-D5B7556A4913} = {6DD77B67-3704-4C38-BF6D-9AD62577AF98}
		{52033A75-334D-4CB7-921E-1F19624BE174} = {876092BF-8522-4AFF-9FBC-B98F6889B48F}
		{7A949C4E-9796-46FE-9602-C5145543AEBA} = {6DD77B67-3704-4C38-BF6D-9AD62577AF98}
		{7285F43C-E331-44A2-8224-9535338D037E} = {876092BF-8522-4AFF-9FBC-B98F6889B48F}
		{2D827C70-7709-4EE6-898D-B2E89BB5DA08} = {876092BF-8522-4AFF-9FBC-B98F6889B48F}
		{B0FD5D46-0969-4657-86C8-438BA1623E91} = {3293C3C6-8A91-4A4E-8906-887B83BDC576}
		{743779D6-0BA6-49F1-93F0-C6616F737205} = {3293C3C6-8A91-4A4E-8906-887B83BDC576}
	EndGlobalSection
	GlobalSection(ExtensibilityGlobals) = postSolution
		SolutionGuid = {641CCAFB-A648-4238-AA5B-48658BB24AD8}
	EndGlobalSection
EndGlobal
